
Microsoft Visual Studio Solution File, Format Version 12.00
# Visual Studio Version 16
VisualStudioVersion = 16.0.31515.178
MinimumVisualStudioVersion = 10.0.40219.1
Project("{9A19103F-16F7-4668-BE54-9A1E7A4F7556}") = "Entities", "Entities\Entities.csproj", "{9E986A31-1348-4708-A7E2-2B08385A2049}"
EndProject
Project("{9A19103F-16F7-4668-BE54-9A1E7A4F7556}") = "DataAccess", "DataAccess\DataAccess.csproj", "{2278966E-8907-4D7F-8795-FB072F146E2C}"
EndProject
Project("{9A19103F-16F7-4668-BE54-9A1E7A4F7556}") = "Business", "Business\Business.csproj", "{544EEC6E-D4FC-4A04-ACE4-17204A83B350}"
EndProject
Project("{9A19103F-16F7-4668-BE54-9A1E7A4F7556}") = "ConsoleUI", "ConsoleUI\ConsoleUI.csproj", "{C31DE5CC-E6E8-4012-A4E9-34B7BB7CAE85}"
EndProject
Project("{9A19103F-16F7-4668-BE54-9A1E7A4F7556}") = "Core", "Core\Core.csproj", "{0CC10FE3-978C-4ACE-B616-A51E036D5D84}"
EndProject
Project("{FAE04EC0-301F-11D3-BF4B-00C04F79EFBC}") = "WebAPI", "WebAPI\WebAPI.csproj", "{E0FB4174-BF4E-42D8-898F-6D99B546C7AF}"
EndProject
Global
	GlobalSection(SolutionConfigurationPlatforms) = preSolution
		Debug|Any CPU = Debug|Any CPU
		Release|Any CPU = Release|Any CPU
	EndGlobalSection
	GlobalSection(ProjectConfigurationPlatforms) = postSolution
		{9E986A31-1348-4708-A7E2-2B08385A2049}.Debug|Any CPU.ActiveCfg = Debug|Any CPU
		{9E986A31-1348-4708-A7E2-2B08385A2049}.Debug|Any CPU.Build.0 = Debug|Any CPU
		{9E986A31-1348-4708-A7E2-2B08385A2049}.Release|Any CPU.ActiveCfg = Release|Any CPU
		{9E986A31-1348-4708-A7E2-2B08385A2049}.Release|Any CPU.Build.0 = Release|Any CPU
		{2278966E-8907-4D7F-8795-FB072F146E2C}.Debug|Any CPU.ActiveCfg = Debug|Any CPU
		{2278966E-8907-4D7F-8795-FB072F146E2C}.Debug|Any CPU.Build.0 = Debug|Any CPU
		{2278966E-8907-4D7F-8795-FB072F146E2C}.Release|Any CPU.ActiveCfg = Release|Any CPU
		{2278966E-8907-4D7F-8795-FB072F146E2C}.Release|Any CPU.Build.0 = Release|Any CPU
		{544EEC6E-D4FC-4A04-ACE4-17204A83B350}.Debug|Any CPU.ActiveCfg = Debug|Any CPU
		{544EEC6E-D4FC-4A04-ACE4-17204A83B350}.Debug|Any CPU.Build.0 = Debug|Any CPU
		{544EEC6E-D4FC-4A04-ACE4-17204A83B350}.Release|Any CPU.ActiveCfg = Release|Any CPU
		{544EEC6E-D4FC-4A04-ACE4-17204A83B350}.Release|Any CPU.Build.0 = Release|Any CPU
		{C31DE5CC-E6E8-4012-A4E9-34B7BB7CAE85}.Debug|Any CPU.ActiveCfg = Debug|Any CPU
		{C31DE5CC-E6E8-4012-A4E9-34B7BB7CAE85}.Debug|Any CPU.Build.0 = Debug|Any CPU
		{C31DE5CC-E6E8-4012-A4E9-34B7BB7CAE85}.Release|Any CPU.ActiveCfg = Release|Any CPU
		{C31DE5CC-E6E8-4012-A4E9-34B7BB7CAE85}.Release|Any CPU.Build.0 = Release|Any CPU
		{0CC10FE3-978C-4ACE-B616-A51E036D5D84}.Debug|Any CPU.ActiveCfg = Debug|Any CPU
		{0CC10FE3-978C-4ACE-B616-A51E036D5D84}.Debug|Any CPU.Build.0 = Debug|Any CPU
		{0CC10FE3-978C-4ACE-B616-A51E036D5D84}.Release|Any CPU.ActiveCfg = Release|Any CPU
		{0CC10FE3-978C-4ACE-B616-A51E036D5D84}.Release|Any CPU.Build.0 = Release|Any CPU
		{E0FB4174-BF4E-42D8-898F-6D99B546C7AF}.Debug|Any CPU.ActiveCfg = Debug|Any CPU
		{E0FB4174-BF4E-42D8-898F-6D99B546C7AF}.Debug|Any CPU.Build.0 = Debug|Any CPU
		{E0FB4174-BF4E-42D8-898F-6D99B546C7AF}.Release|Any CPU.ActiveCfg = Release|Any CPU
		{E0FB4174-BF4E-42D8-898F-6D99B546C7AF}.Release|Any CPU.Build.0 = Release|Any CPU
	EndGlobalSection
	GlobalSection(SolutionProperties) = preSolution
		HideSolutionNode = FALSE
	EndGlobalSection
	GlobalSection(ExtensibilityGlobals) = postSolution
		SolutionGuid = {B1CCCEA7-FD63-420A-96F0-FE48951F8D30}
	EndGlobalSection
EndGlobal
